
Microsoft Visual Studio Solution File, Format Version 12.00
# Visual Studio Version 16
VisualStudioVersion = 16.0.30114.105
MinimumVisualStudioVersion = 10.0.40219.1
Project("{FAE04EC0-301F-11D3-BF4B-00C04F79EFBC}") = "ODataSample.Library", "ODataSample.Library\ODataSample.Library.csproj", "{1DA3179A-D983-4F8F-9449-AC24DC8B1A25}"
EndProject
Project("{FAE04EC0-301F-11D3-BF4B-00C04F79EFBC}") = "ODataSample.WebApi", "ODataSample.WebApi\ODataSample.WebApi.csproj", "{B2A2755D-1EB7-424A-86D9-24C72E6AF44F}"
EndProject
Global
	GlobalSection(SolutionConfigurationPlatforms) = preSolution
		Debug|Any CPU = Debug|Any CPU
		Release|Any CPU = Release|Any CPU
	EndGlobalSection
	GlobalSection(SolutionProperties) = preSolution
		HideSolutionNode = FALSE
	EndGlobalSection
	GlobalSection(ProjectConfigurationPlatforms) = postSolution
		{1DA3179A-D983-4F8F-9449-AC24DC8B1A25}.Debug|Any CPU.ActiveCfg = Debug|Any CPU
		{1DA3179A-D983-4F8F-9449-AC24DC8B1A25}.Debug|Any CPU.Build.0 = Debug|Any CPU
		{1DA3179A-D983-4F8F-9449-AC24DC8B1A25}.Release|Any CPU.ActiveCfg = Release|Any CPU
		{1DA3179A-D983-4F8F-9449-AC24DC8B1A25}.Release|Any CPU.Build.0 = Release|Any CPU
		{B2A2755D-1EB7-424A-86D9-24C72E6AF44F}.Debug|Any CPU.ActiveCfg = Debug|Any CPU
		{B2A2755D-1EB7-424A-86D9-24C72E6AF44F}.Debug|Any CPU.Build.0 = Debug|Any CPU
		{B2A2755D-1EB7-424A-86D9-24C72E6AF44F}.Release|Any CPU.ActiveCfg = Release|Any CPU
		{B2A2755D-1EB7-424A-86D9-24C72E6AF44F}.Release|Any CPU.Build.0 = Release|Any CPU
	EndGlobalSection
	GlobalSection(NestedProjects) = preSolution
	EndGlobalSection
EndGlobal
